
Microsoft Visual Studio Solution File, Format Version 12.00
# Visual Studio Version 17
VisualStudioVersion = 17.7.34221.43
MinimumVisualStudioVersion = 10.0.40219.1
Project("{9A19103F-16F7-4668-BE54-9A1E7A4F7556}") = "Blog", "Blog.csproj", "{593465DE-E4F5-460E-B3C5-B54660361A9B}"
EndProject
Global
	GlobalSection(SolutionConfigurationPlatforms) = preSolution
		Debug|Any CPU = Debug|Any CPU
		Release|Any CPU = Release|Any CPU
	EndGlobalSection
	GlobalSection(ProjectConfigurationPlatforms) = postSolution
		{593465DE-E4F5-460E-B3C5-B54660361A9B}.Debug|Any CPU.ActiveCfg = Debug|Any CPU
		{593465DE-E4F5-460E-B3C5-B54660361A9B}.Debug|Any CPU.Build.0 = Debug|Any CPU
		{593465DE-E4F5-460E-B3C5-B54660361A9B}.Release|Any CPU.ActiveCfg = Release|Any CPU
		{593465DE-E4F5-460E-B3C5-B54660361A9B}.Release|Any CPU.Build.0 = Release|Any CPU
	EndGlobalSection
	GlobalSection(SolutionProperties) = preSolution
		HideSolutionNode = FALSE
	EndGlobalSection
	GlobalSection(ExtensibilityGlobals) = postSolution
		SolutionGuid = {2BCF970B-20BE-4870-917D-2CEA8BC8D3AC}
	EndGlobalSection
EndGlobal
